
Microsoft Visual Studio Solution File, Format Version 12.00
# Visual Studio 2012
Project("{FAE04EC0-301F-11D3-BF4B-00C04F79EFBC}") = "RedditReflairBot", "RedditReflairBot\RedditReflairBot.csproj", "{0EE4B929-41C6-4231-AE80-B9C958A5EECD}"
EndProject
Global
	GlobalSection(SolutionConfigurationPlatforms) = preSolution
		Debug|Any CPU = Debug|Any CPU
		Release|Any CPU = Release|Any CPU
	EndGlobalSection
	GlobalSection(ProjectConfigurationPlatforms) = postSolution
		{0EE4B929-41C6-4231-AE80-B9C958A5EECD}.Debug|Any CPU.ActiveCfg = Debug|Any CPU
		{0EE4B929-41C6-4231-AE80-B9C958A5EECD}.Debug|Any CPU.Build.0 = Debug|Any CPU
		{0EE4B929-41C6-4231-AE80-B9C958A5EECD}.Release|Any CPU.ActiveCfg = Release|Any CPU
		{0EE4B929-41C6-4231-AE80-B9C958A5EECD}.Release|Any CPU.Build.0 = Release|Any CPU
	EndGlobalSection
	GlobalSection(SolutionProperties) = preSolution
		HideSolutionNode = FALSE
	EndGlobalSection
EndGlobal
